
Microsoft Visual Studio Solution File, Format Version 12.00
# Visual Studio 2012
Project("{FAE04EC0-301F-11D3-BF4B-00C04F79EFBC}") = "FritzBot", "freetzbot\FritzBot.csproj", "{7E722C28-92D0-4221-B303-54E58F2ED8F8}"
EndProject
Global
	GlobalSection(SolutionConfigurationPlatforms) = preSolution
		Debug|Any CPU = Debug|Any CPU
		Debug|x86 = Debug|x86
		Release|Any CPU = Release|Any CPU
		Release|x86 = Release|x86
	EndGlobalSection
	GlobalSection(ProjectConfigurationPlatforms) = postSolution
		{7E722C28-92D0-4221-B303-54E58F2ED8F8}.Debug|Any CPU.ActiveCfg = Debug|Any CPU
		{7E722C28-92D0-4221-B303-54E58F2ED8F8}.Debug|Any CPU.Build.0 = Debug|Any CPU
		{7E722C28-92D0-4221-B303-54E58F2ED8F8}.Debug|x86.ActiveCfg = Debug|x86
		{7E722C28-92D0-4221-B303-54E58F2ED8F8}.Debug|x86.Build.0 = Debug|x86
		{7E722C28-92D0-4221-B303-54E58F2ED8F8}.Release|Any CPU.ActiveCfg = Release|Any CPU
		{7E722C28-92D0-4221-B303-54E58F2ED8F8}.Release|Any CPU.Build.0 = Release|Any CPU
		{7E722C28-92D0-4221-B303-54E58F2ED8F8}.Release|x86.ActiveCfg = Release|x86
		{7E722C28-92D0-4221-B303-54E58F2ED8F8}.Release|x86.Build.0 = Release|x86
	EndGlobalSection
	GlobalSection(SolutionProperties) = preSolution
		HideSolutionNode = FALSE
	EndGlobalSection
EndGlobal
